
Microsoft Visual Studio Solution File, Format Version 12.00
# Visual Studio Version 17
VisualStudioVersion = 17.0.31903.59
MinimumVisualStudioVersion = 10.0.40219.1
Project("{FAE04EC0-301F-11D3-BF4B-00C04F79EFBC}") = "EC_User.Domain", "EC_User.Domain\EC_User.Domain.csproj", "{A34B08B0-E69F-4397-BBC1-B31FD021D0A4}"
EndProject
Project("{FAE04EC0-301F-11D3-BF4B-00C04F79EFBC}") = "EC_User.Infrastructure", "EC_User.Infrastructure\EC_User.Infrastructure.csproj", "{0694F9AB-5B28-44B1-9F8F-8FB23D59C482}"
EndProject
Project("{FAE04EC0-301F-11D3-BF4B-00C04F79EFBC}") = "EC_User.FunctionApp", "EC_User.FunctionApp\EC_User.FunctionApp.csproj", "{5080122E-520F-4943-902B-70D04672534A}"
EndProject
Project("{FAE04EC0-301F-11D3-BF4B-00C04F79EFBC}") = "EC_User.ApiClient", "EC_User.ApiClient\EC_User.ApiClient.csproj", "{0E75FE6A-E6B5-4EE4-B6FD-38530A09245D}"
EndProject
Global
	GlobalSection(SolutionConfigurationPlatforms) = preSolution
		Debug|Any CPU = Debug|Any CPU
		Release|Any CPU = Release|Any CPU
	EndGlobalSection
	GlobalSection(SolutionProperties) = preSolution
		HideSolutionNode = FALSE
	EndGlobalSection
	GlobalSection(ProjectConfigurationPlatforms) = postSolution
		{156127DC-2BD1-4826-961A-40799B11C8FF}.Debug|Any CPU.ActiveCfg = Debug|Any CPU
		{156127DC-2BD1-4826-961A-40799B11C8FF}.Debug|Any CPU.Build.0 = Debug|Any CPU
		{156127DC-2BD1-4826-961A-40799B11C8FF}.Release|Any CPU.ActiveCfg = Release|Any CPU
		{156127DC-2BD1-4826-961A-40799B11C8FF}.Release|Any CPU.Build.0 = Release|Any CPU
		{A34B08B0-E69F-4397-BBC1-B31FD021D0A4}.Debug|Any CPU.ActiveCfg = Debug|Any CPU
		{A34B08B0-E69F-4397-BBC1-B31FD021D0A4}.Debug|Any CPU.Build.0 = Debug|Any CPU
		{A34B08B0-E69F-4397-BBC1-B31FD021D0A4}.Release|Any CPU.ActiveCfg = Release|Any CPU
		{A34B08B0-E69F-4397-BBC1-B31FD021D0A4}.Release|Any CPU.Build.0 = Release|Any CPU
		{0694F9AB-5B28-44B1-9F8F-8FB23D59C482}.Debug|Any CPU.ActiveCfg = Debug|Any CPU
		{0694F9AB-5B28-44B1-9F8F-8FB23D59C482}.Debug|Any CPU.Build.0 = Debug|Any CPU
		{0694F9AB-5B28-44B1-9F8F-8FB23D59C482}.Release|Any CPU.ActiveCfg = Release|Any CPU
		{0694F9AB-5B28-44B1-9F8F-8FB23D59C482}.Release|Any CPU.Build.0 = Release|Any CPU
		{9C4A49C4-3553-4F93-BA0C-BBE0D926F88E}.Debug|Any CPU.ActiveCfg = Debug|Any CPU
		{9C4A49C4-3553-4F93-BA0C-BBE0D926F88E}.Debug|Any CPU.Build.0 = Debug|Any CPU
		{9C4A49C4-3553-4F93-BA0C-BBE0D926F88E}.Release|Any CPU.ActiveCfg = Release|Any CPU
		{9C4A49C4-3553-4F93-BA0C-BBE0D926F88E}.Release|Any CPU.Build.0 = Release|Any CPU
		{A532C1AD-12BE-424D-8534-7E878FD586E9}.Debug|Any CPU.ActiveCfg = Debug|Any CPU
		{A532C1AD-12BE-424D-8534-7E878FD586E9}.Debug|Any CPU.Build.0 = Debug|Any CPU
		{A532C1AD-12BE-424D-8534-7E878FD586E9}.Release|Any CPU.ActiveCfg = Release|Any CPU
		{A532C1AD-12BE-424D-8534-7E878FD586E9}.Release|Any CPU.Build.0 = Release|Any CPU
		{5080122E-520F-4943-902B-70D04672534A}.Debug|Any CPU.ActiveCfg = Debug|Any CPU
		{5080122E-520F-4943-902B-70D04672534A}.Debug|Any CPU.Build.0 = Debug|Any CPU
		{5080122E-520F-4943-902B-70D04672534A}.Release|Any CPU.ActiveCfg = Release|Any CPU
		{5080122E-520F-4943-902B-70D04672534A}.Release|Any CPU.Build.0 = Release|Any CPU
		{0E75FE6A-E6B5-4EE4-B6FD-38530A09245D}.Debug|Any CPU.ActiveCfg = Debug|Any CPU
		{0E75FE6A-E6B5-4EE4-B6FD-38530A09245D}.Debug|Any CPU.Build.0 = Debug|Any CPU
		{0E75FE6A-E6B5-4EE4-B6FD-38530A09245D}.Release|Any CPU.ActiveCfg = Release|Any CPU
		{0E75FE6A-E6B5-4EE4-B6FD-38530A09245D}.Release|Any CPU.Build.0 = Release|Any CPU
	EndGlobalSection
EndGlobal
